
Microsoft Visual Studio Solution File, Format Version 12.00
# Visual Studio Version 17
VisualStudioVersion = 17.7.34024.191
MinimumVisualStudioVersion = 10.0.40219.1
EndProject
Project("{9A19103F-16F7-4668-BE54-9A1E7A4F7556}") = "Tests", "Tests\Tests.csproj", "{E93AB0D5-1714-4A0B-A352-3E575178BA8E}"
EndProject
Project("{9A19103F-16F7-4668-BE54-9A1E7A4F7556}") = "QueryClasses", "QueryClasses\QueryClasses.csproj", "{A0EAC425-C6CA-4B39-81A2-5302F5BDF73D}"
EndProject
Project("{9A19103F-16F7-4668-BE54-9A1E7A4F7556}") = "Databases", "Databases\Databases.csproj", "{CFE9FD43-CA48-44A1-A628-0AB4A8E39B1A}"
EndProject
Global
	GlobalSection(SolutionConfigurationPlatforms) = preSolution
		Debug|Any CPU = Debug|Any CPU
		Release|Any CPU = Release|Any CPU
	EndGlobalSection
	GlobalSection(ProjectConfigurationPlatforms) = postSolution
		{CCF50B70-16A1-44E2-87C4-D4913B8EF31C}.Debug|Any CPU.ActiveCfg = Debug|Any CPU
		{CCF50B70-16A1-44E2-87C4-D4913B8EF31C}.Debug|Any CPU.Build.0 = Debug|Any CPU
		{CCF50B70-16A1-44E2-87C4-D4913B8EF31C}.Release|Any CPU.ActiveCfg = Release|Any CPU
		{CCF50B70-16A1-44E2-87C4-D4913B8EF31C}.Release|Any CPU.Build.0 = Release|Any CPU
		{C7B0D6AE-F50F-4007-9971-FE9F8FBF9D6B}.Debug|Any CPU.ActiveCfg = Debug|Any CPU
		{C7B0D6AE-F50F-4007-9971-FE9F8FBF9D6B}.Debug|Any CPU.Build.0 = Debug|Any CPU
		{C7B0D6AE-F50F-4007-9971-FE9F8FBF9D6B}.Release|Any CPU.ActiveCfg = Release|Any CPU
		{C7B0D6AE-F50F-4007-9971-FE9F8FBF9D6B}.Release|Any CPU.Build.0 = Release|Any CPU
		{E7E4D8D5-DEB6-41DC-9A5B-7A8F909BA0E7}.Debug|Any CPU.ActiveCfg = Debug|Any CPU
		{E7E4D8D5-DEB6-41DC-9A5B-7A8F909BA0E7}.Debug|Any CPU.Build.0 = Debug|Any CPU
		{E7E4D8D5-DEB6-41DC-9A5B-7A8F909BA0E7}.Release|Any CPU.ActiveCfg = Release|Any CPU
		{E7E4D8D5-DEB6-41DC-9A5B-7A8F909BA0E7}.Release|Any CPU.Build.0 = Release|Any CPU
		{41F84C6D-94DE-442A-83BF-4E85FAF6813F}.Debug|Any CPU.ActiveCfg = Debug|Any CPU
		{41F84C6D-94DE-442A-83BF-4E85FAF6813F}.Debug|Any CPU.Build.0 = Debug|Any CPU
		{41F84C6D-94DE-442A-83BF-4E85FAF6813F}.Release|Any CPU.ActiveCfg = Release|Any CPU
		{41F84C6D-94DE-442A-83BF-4E85FAF6813F}.Release|Any CPU.Build.0 = Release|Any CPU
		{E93AB0D5-1714-4A0B-A352-3E575178BA8E}.Debug|Any CPU.ActiveCfg = Debug|Any CPU
		{E93AB0D5-1714-4A0B-A352-3E575178BA8E}.Debug|Any CPU.Build.0 = Debug|Any CPU
		{E93AB0D5-1714-4A0B-A352-3E575178BA8E}.Release|Any CPU.ActiveCfg = Release|Any CPU
		{E93AB0D5-1714-4A0B-A352-3E575178BA8E}.Release|Any CPU.Build.0 = Release|Any CPU
		{A0EAC425-C6CA-4B39-81A2-5302F5BDF73D}.Debug|Any CPU.ActiveCfg = Debug|Any CPU
		{A0EAC425-C6CA-4B39-81A2-5302F5BDF73D}.Debug|Any CPU.Build.0 = Debug|Any CPU
		{A0EAC425-C6CA-4B39-81A2-5302F5BDF73D}.Release|Any CPU.ActiveCfg = Release|Any CPU
		{A0EAC425-C6CA-4B39-81A2-5302F5BDF73D}.Release|Any CPU.Build.0 = Release|Any CPU
		{CFE9FD43-CA48-44A1-A628-0AB4A8E39B1A}.Debug|Any CPU.ActiveCfg = Debug|Any CPU
		{CFE9FD43-CA48-44A1-A628-0AB4A8E39B1A}.Debug|Any CPU.Build.0 = Debug|Any CPU
		{CFE9FD43-CA48-44A1-A628-0AB4A8E39B1A}.Release|Any CPU.ActiveCfg = Release|Any CPU
		{CFE9FD43-CA48-44A1-A628-0AB4A8E39B1A}.Release|Any CPU.Build.0 = Release|Any CPU
	EndGlobalSection
	GlobalSection(SolutionProperties) = preSolution
		HideSolutionNode = FALSE
	EndGlobalSection
	GlobalSection(ExtensibilityGlobals) = postSolution
		SolutionGuid = {D0A709BE-AF8F-4DE7-9C77-180CB161BACF}
	EndGlobalSection
EndGlobal
