
Microsoft Visual Studio Solution File, Format Version 12.00
# Visual Studio Version 17
VisualStudioVersion = 17.7.34024.191
MinimumVisualStudioVersion = 10.0.40219.1
Project("{2150E333-8FDC-42A3-9474-1A3956D46DE8}") = "backend", "backend", "{B2E6FDE5-6FB9-481B-83B4-2B6B3405060B}"
EndProject
Project("{2150E333-8FDC-42A3-9474-1A3956D46DE8}") = "src", "src", "{01F10474-6944-4278-B9FB-C0B7C3565CD5}"
EndProject
Project("{9A19103F-16F7-4668-BE54-9A1E7A4F7556}") = "Datalayer", "backend\src\DataAccess\Datalayer.csproj", "{3EA2CCF2-8FFB-44AD-9DE7-57BC12D01364}"
EndProject
Project("{9A19103F-16F7-4668-BE54-9A1E7A4F7556}") = "Tests", "backend\src\Tests\Tests.csproj", "{A804DF8C-97D4-4A55-960A-1E3C13079691}"
EndProject
Project("{9A19103F-16F7-4668-BE54-9A1E7A4F7556}") = "WebAPI", "backend\src\WebAPI\WebAPI.csproj", "{B8B06533-6555-426A-9400-486C9C2CD399}"
EndProject
Project("{2150E333-8FDC-42A3-9474-1A3956D46DE8}") = "frontend", "frontend", "{77A79E08-F970-4AB9-9B46-54A8BF5448DF}"
EndProject
Project("{9A19103F-16F7-4668-BE54-9A1E7A4F7556}") = "blazor", "frontend\blazor\blazor.csproj", "{BBADEFF4-0FC1-4A65-99C7-089C5AAF8AA5}"
EndProject
Global
	GlobalSection(SolutionConfigurationPlatforms) = preSolution
		Debug|Any CPU = Debug|Any CPU
		Debug|x64 = Debug|x64
		Debug|x86 = Debug|x86
		Release|Any CPU = Release|Any CPU
		Release|x64 = Release|x64
		Release|x86 = Release|x86
	EndGlobalSection
	GlobalSection(ProjectConfigurationPlatforms) = postSolution
		{3EA2CCF2-8FFB-44AD-9DE7-57BC12D01364}.Debug|Any CPU.ActiveCfg = Debug|Any CPU
		{3EA2CCF2-8FFB-44AD-9DE7-57BC12D01364}.Debug|Any CPU.Build.0 = Debug|Any CPU
		{3EA2CCF2-8FFB-44AD-9DE7-57BC12D01364}.Debug|x64.ActiveCfg = Debug|Any CPU
		{3EA2CCF2-8FFB-44AD-9DE7-57BC12D01364}.Debug|x64.Build.0 = Debug|Any CPU
		{3EA2CCF2-8FFB-44AD-9DE7-57BC12D01364}.Debug|x86.ActiveCfg = Debug|Any CPU
		{3EA2CCF2-8FFB-44AD-9DE7-57BC12D01364}.Debug|x86.Build.0 = Debug|Any CPU
		{3EA2CCF2-8FFB-44AD-9DE7-57BC12D01364}.Release|Any CPU.ActiveCfg = Release|Any CPU
		{3EA2CCF2-8FFB-44AD-9DE7-57BC12D01364}.Release|Any CPU.Build.0 = Release|Any CPU
		{3EA2CCF2-8FFB-44AD-9DE7-57BC12D01364}.Release|x64.ActiveCfg = Release|Any CPU
		{3EA2CCF2-8FFB-44AD-9DE7-57BC12D01364}.Release|x64.Build.0 = Release|Any CPU
		{3EA2CCF2-8FFB-44AD-9DE7-57BC12D01364}.Release|x86.ActiveCfg = Release|Any CPU
		{3EA2CCF2-8FFB-44AD-9DE7-57BC12D01364}.Release|x86.Build.0 = Release|Any CPU
		{A804DF8C-97D4-4A55-960A-1E3C13079691}.Debug|Any CPU.ActiveCfg = Debug|Any CPU
		{A804DF8C-97D4-4A55-960A-1E3C13079691}.Debug|Any CPU.Build.0 = Debug|Any CPU
		{A804DF8C-97D4-4A55-960A-1E3C13079691}.Debug|x64.ActiveCfg = Debug|Any CPU
		{A804DF8C-97D4-4A55-960A-1E3C13079691}.Debug|x64.Build.0 = Debug|Any CPU
		{A804DF8C-97D4-4A55-960A-1E3C13079691}.Debug|x86.ActiveCfg = Debug|Any CPU
		{A804DF8C-97D4-4A55-960A-1E3C13079691}.Debug|x86.Build.0 = Debug|Any CPU
		{A804DF8C-97D4-4A55-960A-1E3C13079691}.Release|Any CPU.ActiveCfg = Release|Any CPU
		{A804DF8C-97D4-4A55-960A-1E3C13079691}.Release|Any CPU.Build.0 = Release|Any CPU
		{A804DF8C-97D4-4A55-960A-1E3C13079691}.Release|x64.ActiveCfg = Release|Any CPU
		{A804DF8C-97D4-4A55-960A-1E3C13079691}.Release|x64.Build.0 = Release|Any CPU
		{A804DF8C-97D4-4A55-960A-1E3C13079691}.Release|x86.ActiveCfg = Release|Any CPU
		{A804DF8C-97D4-4A55-960A-1E3C13079691}.Release|x86.Build.0 = Release|Any CPU
		{B8B06533-6555-426A-9400-486C9C2CD399}.Debug|Any CPU.ActiveCfg = Debug|Any CPU
		{B8B06533-6555-426A-9400-486C9C2CD399}.Debug|Any CPU.Build.0 = Debug|Any CPU
		{B8B06533-6555-426A-9400-486C9C2CD399}.Debug|x64.ActiveCfg = Debug|Any CPU
		{B8B06533-6555-426A-9400-486C9C2CD399}.Debug|x64.Build.0 = Debug|Any CPU
		{B8B06533-6555-426A-9400-486C9C2CD399}.Debug|x86.ActiveCfg = Debug|Any CPU
		{B8B06533-6555-426A-9400-486C9C2CD399}.Debug|x86.Build.0 = Debug|Any CPU
		{B8B06533-6555-426A-9400-486C9C2CD399}.Release|Any CPU.ActiveCfg = Release|Any CPU
		{B8B06533-6555-426A-9400-486C9C2CD399}.Release|Any CPU.Build.0 = Release|Any CPU
		{B8B06533-6555-426A-9400-486C9C2CD399}.Release|x64.ActiveCfg = Release|Any CPU
		{B8B06533-6555-426A-9400-486C9C2CD399}.Release|x64.Build.0 = Release|Any CPU
		{B8B06533-6555-426A-9400-486C9C2CD399}.Release|x86.ActiveCfg = Release|Any CPU
		{B8B06533-6555-426A-9400-486C9C2CD399}.Release|x86.Build.0 = Release|Any CPU
		{BBADEFF4-0FC1-4A65-99C7-089C5AAF8AA5}.Debug|Any CPU.ActiveCfg = Debug|Any CPU
		{BBADEFF4-0FC1-4A65-99C7-089C5AAF8AA5}.Debug|Any CPU.Build.0 = Debug|Any CPU
		{BBADEFF4-0FC1-4A65-99C7-089C5AAF8AA5}.Debug|x64.ActiveCfg = Debug|Any CPU
		{BBADEFF4-0FC1-4A65-99C7-089C5AAF8AA5}.Debug|x64.Build.0 = Debug|Any CPU
		{BBADEFF4-0FC1-4A65-99C7-089C5AAF8AA5}.Debug|x86.ActiveCfg = Debug|Any CPU
		{BBADEFF4-0FC1-4A65-99C7-089C5AAF8AA5}.Debug|x86.Build.0 = Debug|Any CPU
		{BBADEFF4-0FC1-4A65-99C7-089C5AAF8AA5}.Release|Any CPU.ActiveCfg = Release|Any CPU
		{BBADEFF4-0FC1-4A65-99C7-089C5AAF8AA5}.Release|Any CPU.Build.0 = Release|Any CPU
		{BBADEFF4-0FC1-4A65-99C7-089C5AAF8AA5}.Release|x64.ActiveCfg = Release|Any CPU
		{BBADEFF4-0FC1-4A65-99C7-089C5AAF8AA5}.Release|x64.Build.0 = Release|Any CPU
		{BBADEFF4-0FC1-4A65-99C7-089C5AAF8AA5}.Release|x86.ActiveCfg = Release|Any CPU
		{BBADEFF4-0FC1-4A65-99C7-089C5AAF8AA5}.Release|x86.Build.0 = Release|Any CPU
	EndGlobalSection
	GlobalSection(SolutionProperties) = preSolution
		HideSolutionNode = FALSE
	EndGlobalSection
	GlobalSection(NestedProjects) = preSolution
		{01F10474-6944-4278-B9FB-C0B7C3565CD5} = {B2E6FDE5-6FB9-481B-83B4-2B6B3405060B}
		{3EA2CCF2-8FFB-44AD-9DE7-57BC12D01364} = {01F10474-6944-4278-B9FB-C0B7C3565CD5}
		{A804DF8C-97D4-4A55-960A-1E3C13079691} = {01F10474-6944-4278-B9FB-C0B7C3565CD5}
		{B8B06533-6555-426A-9400-486C9C2CD399} = {01F10474-6944-4278-B9FB-C0B7C3565CD5}
		{BBADEFF4-0FC1-4A65-99C7-089C5AAF8AA5} = {77A79E08-F970-4AB9-9B46-54A8BF5448DF}
	EndGlobalSection
	GlobalSection(ExtensibilityGlobals) = postSolution
		SolutionGuid = {D0A709BE-AF8F-4DE7-9C77-180CB161BACF}
	EndGlobalSection
EndGlobal
